// !$*UTF8*$!
{
	archiveVersion = 1;
	classes = {
	};
	objectVersion = 50;
	objects = {

/* Begin PBXBuildFile section */
		F366DC1F239BE3DE00D0D6DB /* AppDelegate.swift in Sources */ = {isa = PBXBuildFile; fileRef = F366DC1E239BE3DE00D0D6DB /* AppDelegate.swift */; };
		F366DC21239BE3DE00D0D6DB /* ContentView.swift in Sources */ = {isa = PBXBuildFile; fileRef = F366DC20239BE3DE00D0D6DB /* ContentView.swift */; };
		F366DC23239BE3E100D0D6DB /* Assets.xcassets in Resources */ = {isa = PBXBuildFile; fileRef = F366DC22239BE3E100D0D6DB /* Assets.xcassets */; };
		F366DC26239BE3E100D0D6DB /* Preview Assets.xcassets in Resources */ = {isa = PBXBuildFile; fileRef = F366DC25239BE3E100D0D6DB /* Preview Assets.xcassets */; };
		F366DC29239BE3E100D0D6DB /* Main.storyboard in Resources */ = {isa = PBXBuildFile; fileRef = F366DC27239BE3E100D0D6DB /* Main.storyboard */; };
		F366DC35239BE3E200D0D6DB /* MulderTests.swift in Sources */ = {isa = PBXBuildFile; fileRef = F366DC34239BE3E200D0D6DB /* MulderTests.swift */; };
		F366DC40239BE3E200D0D6DB /* MulderUITests.swift in Sources */ = {isa = PBXBuildFile; fileRef = F366DC3F239BE3E200D0D6DB /* MulderUITests.swift */; };
/* End PBXBuildFile section */

/* Begin PBXContainerItemProxy section */
		F366DC31239BE3E200D0D6DB /* PBXContainerItemProxy */ = {
			isa = PBXContainerItemProxy;
			containerPortal = F366DC13239BE3DE00D0D6DB /* Project object */;
			proxyType = 1;
			remoteGlobalIDString = F366DC1A239BE3DE00D0D6DB;
			remoteInfo = Mulder;
		};
		F366DC3C239BE3E200D0D6DB /* PBXContainerItemProxy */ = {
			isa = PBXContainerItemProxy;
			containerPortal = F366DC13239BE3DE00D0D6DB /* Project object */;
			proxyType = 1;
			remoteGlobalIDString = F366DC1A239BE3DE00D0D6DB;
			remoteInfo = Mulder;
		};
/* End PBXContainerItemProxy section */

/* Begin PBXFileReference section */
		F366DC1B239BE3DE00D0D6DB /* Mulder.app */ = {isa = PBXFileReference; explicitFileType = wrapper.application; includeInIndex = 0; path = Mulder.app; sourceTree = BUILT_PRODUCTS_DIR; };
		F366DC1E239BE3DE00D0D6DB /* AppDelegate.swift */ = {isa = PBXFileReference; lastKnownFileType = sourcecode.swift; path = AppDelegate.swift; sourceTree = "<group>"; };
		F366DC20239BE3DE00D0D6DB /* ContentView.swift */ = {isa = PBXFileReference; lastKnownFileType = sourcecode.swift; path = ContentView.swift; sourceTree = "<group>"; };
		F366DC22239BE3E100D0D6DB /* Assets.xcassets */ = {isa = PBXFileReference; lastKnownFileType = folder.assetcatalog; path = Assets.xcassets; sourceTree = "<group>"; };
		F366DC25239BE3E100D0D6DB /* Preview Assets.xcassets */ = {isa = PBXFileReference; lastKnownFileType = folder.assetcatalog; path = "Preview Assets.xcassets"; sourceTree = "<group>"; };
		F366DC28239BE3E100D0D6DB /* Base */ = {isa = PBXFileReference; lastKnownFileType = file.storyboard; name = Base; path = Base.lproj/Main.storyboard; sourceTree = "<group>"; };
		F366DC2A239BE3E100D0D6DB /* Info.plist */ = {isa = PBXFileReference; lastKnownFileType = text.plist.xml; path = Info.plist; sourceTree = "<group>"; };
		F366DC2B239BE3E100D0D6DB /* Mulder.entitlements */ = {isa = PBXFileReference; lastKnownFileType = text.plist.entitlements; path = Mulder.entitlements; sourceTree = "<group>"; };
		F366DC30239BE3E200D0D6DB /* MulderTests.xctest */ = {isa = PBXFileReference; explicitFileType = wrapper.cfbundle; includeInIndex = 0; path = MulderTests.xctest; sourceTree = BUILT_PRODUCTS_DIR; };
		F366DC34239BE3E200D0D6DB /* MulderTests.swift */ = {isa = PBXFileReference; lastKnownFileType = sourcecode.swift; path = MulderTests.swift; sourceTree = "<group>"; };
		F366DC36239BE3E200D0D6DB /* Info.plist */ = {isa = PBXFileReference; lastKnownFileType = text.plist.xml; path = Info.plist; sourceTree = "<group>"; };
		F366DC3B239BE3E200D0D6DB /* MulderUITests.xctest */ = {isa = PBXFileReference; explicitFileType = wrapper.cfbundle; includeInIndex = 0; path = MulderUITests.xctest; sourceTree = BUILT_PRODUCTS_DIR; };
		F366DC3F239BE3E200D0D6DB /* MulderUITests.swift */ = {isa = PBXFileReference; lastKnownFileType = sourcecode.swift; path = MulderUITests.swift; sourceTree = "<group>"; };
		F366DC41239BE3E200D0D6DB /* Info.plist */ = {isa = PBXFileReference; lastKnownFileType = text.plist.xml; path = Info.plist; sourceTree = "<group>"; };
/* End PBXFileReference section */

/* Begin PBXFrameworksBuildPhase section */
		F366DC18239BE3DE00D0D6DB /* Frameworks */ = {
			isa = PBXFrameworksBuildPhase;
			buildActionMask = 2147483647;
			files = (
			);
			runOnlyForDeploymentPostprocessing = 0;
		};
		F366DC2D239BE3E200D0D6DB /* Frameworks */ = {
			isa = PBXFrameworksBuildPhase;
			buildActionMask = 2147483647;
			files = (
			);
			runOnlyForDeploymentPostprocessing = 0;
		};
		F366DC38239BE3E200D0D6DB /* Frameworks */ = {
			isa = PBXFrameworksBuildPhase;
			buildActionMask = 2147483647;
			files = (
			);
			runOnlyForDeploymentPostprocessing = 0;
		};
/* End PBXFrameworksBuildPhase section */

/* Begin PBXGroup section */
		F366DC12239BE3DE00D0D6DB = {
			isa = PBXGroup;
			children = (
				F366DC1D239BE3DE00D0D6DB /* Mulder */,
				F366DC33239BE3E200D0D6DB /* MulderTests */,
				F366DC3E239BE3E200D0D6DB /* MulderUITests */,
				F366DC1C239BE3DE00D0D6DB /* Products */,
			);
			sourceTree = "<group>";
		};
		F366DC1C239BE3DE00D0D6DB /* Products */ = {
			isa = PBXGroup;
			children = (
				F366DC1B239BE3DE00D0D6DB /* Mulder.app */,
				F366DC30239BE3E200D0D6DB /* MulderTests.xctest */,
				F366DC3B239BE3E200D0D6DB /* MulderUITests.xctest */,
			);
			name = Products;
			sourceTree = "<group>";
		};
		F366DC1D239BE3DE00D0D6DB /* Mulder */ = {
			isa = PBXGroup;
			children = (
				F366DC20239BE3DE00D0D6DB /* ContentView.swift */,
				F366DC1E239BE3DE00D0D6DB /* AppDelegate.swift */,
				F366DC22239BE3E100D0D6DB /* Assets.xcassets */,
				F366DC27239BE3E100D0D6DB /* Main.storyboard */,
				F366DC2A239BE3E100D0D6DB /* Info.plist */,
				F366DC2B239BE3E100D0D6DB /* Mulder.entitlements */,
				F366DC24239BE3E100D0D6DB /* Preview Content */,
			);
			path = Mulder;
			sourceTree = "<group>";
		};
		F366DC24239BE3E100D0D6DB /* Preview Content */ = {
			isa = PBXGroup;
			children = (
				F366DC25239BE3E100D0D6DB /* Preview Assets.xcassets */,
			);
			path = "Preview Content";
			sourceTree = "<group>";
		};
		F366DC33239BE3E200D0D6DB /* MulderTests */ = {
			isa = PBXGroup;
			children = (
				F366DC34239BE3E200D0D6DB /* MulderTests.swift */,
				F366DC36239BE3E200D0D6DB /* Info.plist */,
			);
			path = MulderTests;
			sourceTree = "<group>";
		};
		F366DC3E239BE3E200D0D6DB /* MulderUITests */ = {
			isa = PBXGroup;
			children = (
				F366DC3F239BE3E200D0D6DB /* MulderUITests.swift */,
				F366DC41239BE3E200D0D6DB /* Info.plist */,
			);
			path = MulderUITests;
			sourceTree = "<group>";
		};
/* End PBXGroup section */

/* Begin PBXNativeTarget section */
		F366DC1A239BE3DE00D0D6DB /* Mulder */ = {
			isa = PBXNativeTarget;
			buildConfigurationList = F366DC44239BE3E200D0D6DB /* Build configuration list for PBXNativeTarget "Mulder" */;
			buildPhases = (
				F366DC17239BE3DE00D0D6DB /* Sources */,
				F366DC18239BE3DE00D0D6DB /* Frameworks */,
				F366DC19239BE3DE00D0D6DB /* Resources */,
			);
			buildRules = (
			);
			dependencies = (
			);
			name = Mulder;
			productName = Mulder;
			productReference = F366DC1B239BE3DE00D0D6DB /* Mulder.app */;
			productType = "com.apple.product-type.application";
		};
		F366DC2F239BE3E200D0D6DB /* MulderTests */ = {
			isa = PBXNativeTarget;
			buildConfigurationList = F366DC47239BE3E200D0D6DB /* Build configuration list for PBXNativeTarget "MulderTests" */;
			buildPhases = (
				F366DC2C239BE3E200D0D6DB /* Sources */,
				F366DC2D239BE3E200D0D6DB /* Frameworks */,
				F366DC2E239BE3E200D0D6DB /* Resources */,
			);
			buildRules = (
			);
			dependencies = (
				F366DC32239BE3E200D0D6DB /* PBXTargetDependency */,
			);
			name = MulderTests;
			productName = MulderTests;
			productReference = F366DC30239BE3E200D0D6DB /* MulderTests.xctest */;
			productType = "com.apple.product-type.bundle.unit-test";
		};
		F366DC3A239BE3E200D0D6DB /* MulderUITests */ = {
			isa = PBXNativeTarget;
			buildConfigurationList = F366DC4A239BE3E200D0D6DB /* Build configuration list for PBXNativeTarget "MulderUITests" */;
			buildPhases = (
				F366DC37239BE3E200D0D6DB /* Sources */,
				F366DC38239BE3E200D0D6DB /* Frameworks */,
				F366DC39239BE3E200D0D6DB /* Resources */,
			);
			buildRules = (
			);
			dependencies = (
				F366DC3D239BE3E200D0D6DB /* PBXTargetDependency */,
			);
			name = MulderUITests;
			productName = MulderUITests;
			productReference = F366DC3B239BE3E200D0D6DB /* MulderUITests.xctest */;
			productType = "com.apple.product-type.bundle.ui-testing";
		};
/* End PBXNativeTarget section */

/* Begin PBXProject section */
		F366DC13239BE3DE00D0D6DB /* Project object */ = {
			isa = PBXProject;
			attributes = {
				LastSwiftUpdateCheck = 1120;
				LastUpgradeCheck = 1120;
				ORGANIZATIONNAME = "Erik Pragt";
				TargetAttributes = {
					F366DC1A239BE3DE00D0D6DB = {
						CreatedOnToolsVersion = 11.2.1;
					};
					F366DC2F239BE3E200D0D6DB = {
						CreatedOnToolsVersion = 11.2.1;
						TestTargetID = F366DC1A239BE3DE00D0D6DB;
					};
					F366DC3A239BE3E200D0D6DB = {
						CreatedOnToolsVersion = 11.2.1;
						TestTargetID = F366DC1A239BE3DE00D0D6DB;
					};
				};
			};
			buildConfigurationList = F366DC16239BE3DE00D0D6DB /* Build configuration list for PBXProject "Mulder" */;
			compatibilityVersion = "Xcode 9.3";
			developmentRegion = en;
			hasScannedForEncodings = 0;
			knownRegions = (
				en,
				Base,
			);
			mainGroup = F366DC12239BE3DE00D0D6DB;
			productRefGroup = F366DC1C239BE3DE00D0D6DB /* Products */;
			projectDirPath = "";
			projectRoot = "";
			targets = (
				F366DC1A239BE3DE00D0D6DB /* Mulder */,
				F366DC2F239BE3E200D0D6DB /* MulderTests */,
				F366DC3A239BE3E200D0D6DB /* MulderUITests */,
			);
		};
/* End PBXProject section */

/* Begin PBXResourcesBuildPhase section */
		F366DC19239BE3DE00D0D6DB /* Resources */ = {
			isa = PBXResourcesBuildPhase;
			buildActionMask = 2147483647;
			files = (
				F366DC29239BE3E100D0D6DB /* Main.storyboard in Resources */,
				F366DC26239BE3E100D0D6DB /* Preview Assets.xcassets in Resources */,
				F366DC23239BE3E100D0D6DB /* Assets.xcassets in Resources */,
			);
			runOnlyForDeploymentPostprocessing = 0;
		};
		F366DC2E239BE3E200D0D6DB /* Resources */ = {
			isa = PBXResourcesBuildPhase;
			buildActionMask = 2147483647;
			files = (
			);
			runOnlyForDeploymentPostprocessing = 0;
		};
		F366DC39239BE3E200D0D6DB /* Resources */ = {
			isa = PBXResourcesBuildPhase;
			buildActionMask = 2147483647;
			files = (
			);
			runOnlyForDeploymentPostprocessing = 0;
		};
/* End PBXResourcesBuildPhase section */

/* Begin PBXSourcesBuildPhase section */
		F366DC17239BE3DE00D0D6DB /* Sources */ = {
			isa = PBXSourcesBuildPhase;
			buildActionMask = 2147483647;
			files = (
				F366DC21239BE3DE00D0D6DB /* ContentView.swift in Sources */,
				F366DC1F239BE3DE00D0D6DB /* AppDelegate.swift in Sources */,
			);
			runOnlyForDeploymentPostprocessing = 0;
		};
		F366DC2C239BE3E200D0D6DB /* Sources */ = {
			isa = PBXSourcesBuildPhase;
			buildActionMask = 2147483647;
			files = (
				F366DC35239BE3E200D0D6DB /* MulderTests.swift in Sources */,
			);
			runOnlyForDeploymentPostprocessing = 0;
		};
		F366DC37239BE3E200D0D6DB /* Sources */ = {
			isa = PBXSourcesBuildPhase;
			buildActionMask = 2147483647;
			files = (
				F366DC40239BE3E200D0D6DB /* MulderUITests.swift in Sources */,
			);
			runOnlyForDeploymentPostprocessing = 0;
		};
/* End PBXSourcesBuildPhase section */

/* Begin PBXTargetDependency section */
		F366DC32239BE3E200D0D6DB /* PBXTargetDependency */ = {
			isa = PBXTargetDependency;
			target = F366DC1A239BE3DE00D0D6DB /* Mulder */;
			targetProxy = F366DC31239BE3E200D0D6DB /* PBXContainerItemProxy */;
		};
		F366DC3D239BE3E200D0D6DB /* PBXTargetDependency */ = {
			isa = PBXTargetDependency;
			target = F366DC1A239BE3DE00D0D6DB /* Mulder */;
			targetProxy = F366DC3C239BE3E200D0D6DB /* PBXContainerItemProxy */;
		};
/* End PBXTargetDependency section */

/* Begin PBXVariantGroup section */
		F366DC27239BE3E100D0D6DB /* Main.storyboard */ = {
			isa = PBXVariantGroup;
			children = (
				F366DC28239BE3E100D0D6DB /* Base */,
			);
			name = Main.storyboard;
			sourceTree = "<group>";
		};
/* End PBXVariantGroup section */

/* Begin XCBuildConfiguration section */
		F366DC42239BE3E200D0D6DB /* Debug */ = {
			isa = XCBuildConfiguration;
			buildSettings = {
				ALWAYS_SEARCH_USER_PATHS = NO;
				CLANG_ANALYZER_NONNULL = YES;
				CLANG_ANALYZER_NUMBER_OBJECT_CONVERSION = YES_AGGRESSIVE;
				CLANG_CXX_LANGUAGE_STANDARD = "gnu++14";
				CLANG_CXX_LIBRARY = "libc++";
				CLANG_ENABLE_MODULES = YES;
				CLANG_ENABLE_OBJC_ARC = YES;
				CLANG_ENABLE_OBJC_WEAK = YES;
				CLANG_WARN_BLOCK_CAPTURE_AUTORELEASING = YES;
				CLANG_WARN_BOOL_CONVERSION = YES;
				CLANG_WARN_COMMA = YES;
				CLANG_WARN_CONSTANT_CONVERSION = YES;
				CLANG_WARN_DEPRECATED_OBJC_IMPLEMENTATIONS = YES;
				CLANG_WARN_DIRECT_OBJC_ISA_USAGE = YES_ERROR;
				CLANG_WARN_DOCUMENTATION_COMMENTS = YES;
				CLANG_WARN_EMPTY_BODY = YES;
				CLANG_WARN_ENUM_CONVERSION = YES;
				CLANG_WARN_INFINITE_RECURSION = YES;
				CLANG_WARN_INT_CONVERSION = YES;
				CLANG_WARN_NON_LITERAL_NULL_CONVERSION = YES;
				CLANG_WARN_OBJC_IMPLICIT_RETAIN_SELF = YES;
				CLANG_WARN_OBJC_LITERAL_CONVERSION = YES;
				CLANG_WARN_OBJC_ROOT_CLASS = YES_ERROR;
				CLANG_WARN_RANGE_LOOP_ANALYSIS = YES;
				CLANG_WARN_STRICT_PROTOTYPES = YES;
				CLANG_WARN_SUSPICIOUS_MOVE = YES;
				CLANG_WARN_UNGUARDED_AVAILABILITY = YES_AGGRESSIVE;
				CLANG_WARN_UNREACHABLE_CODE = YES;
				CLANG_WARN__DUPLICATE_METHOD_MATCH = YES;
				COPY_PHASE_STRIP = NO;
				DEBUG_INFORMATION_FORMAT = dwarf;
				ENABLE_STRICT_OBJC_MSGSEND = YES;
				ENABLE_TESTABILITY = YES;
				GCC_C_LANGUAGE_STANDARD = gnu11;
				GCC_DYNAMIC_NO_PIC = NO;
				GCC_NO_COMMON_BLOCKS = YES;
				GCC_OPTIMIZATION_LEVEL = 0;
				GCC_PREPROCESSOR_DEFINITIONS = (
					"DEBUG=1",
					"$(inherited)",
				);
				GCC_WARN_64_TO_32_BIT_CONVERSION = YES;
				GCC_WARN_ABOUT_RETURN_TYPE = YES_ERROR;
				GCC_WARN_UNDECLARED_SELECTOR = YES;
				GCC_WARN_UNINITIALIZED_AUTOS = YES_AGGRESSIVE;
				GCC_WARN_UNUSED_FUNCTION = YES;
				GCC_WARN_UNUSED_VARIABLE = YES;
				MACOSX_DEPLOYMENT_TARGET = 10.15;
				MTL_ENABLE_DEBUG_INFO = INCLUDE_SOURCE;
				MTL_FAST_MATH = YES;
				ONLY_ACTIVE_ARCH = YES;
				SDKROOT = macosx;
				SWIFT_ACTIVE_COMPILATION_CONDITIONS = DEBUG;
				SWIFT_OPTIMIZATION_LEVEL = "-Onone";
			};
			name = Debug;
		};
		F366DC43239BE3E200D0D6DB /* Release */ = {
			isa = XCBuildConfiguration;
			buildSettings = {
				ALWAYS_SEARCH_USER_PATHS = NO;
				CLANG_ANALYZER_NONNULL = YES;
				CLANG_ANALYZER_NUMBER_OBJECT_CONVERSION = YES_AGGRESSIVE;
				CLANG_CXX_LANGUAGE_STANDARD = "gnu++14";
				CLANG_CXX_LIBRARY = "libc++";
				CLANG_ENABLE_MODULES = YES;
				CLANG_ENABLE_OBJC_ARC = YES;
				CLANG_ENABLE_OBJC_WEAK = YES;
				CLANG_WARN_BLOCK_CAPTURE_AUTORELEASING = YES;
				CLANG_WARN_BOOL_CONVERSION = YES;
				CLANG_WARN_COMMA = YES;
				CLANG_WARN_CONSTANT_CONVERSION = YES;
				CLANG_WARN_DEPRECATED_OBJC_IMPLEMENTATIONS = YES;
				CLANG_WARN_DIRECT_OBJC_ISA_USAGE = YES_ERROR;
				CLANG_WARN_DOCUMENTATION_COMMENTS = YES;
				CLANG_WARN_EMPTY_BODY = YES;
				CLANG_WARN_ENUM_CONVERSION = YES;
				CLANG_WARN_INFINITE_RECURSION = YES;
				CLANG_WARN_INT_CONVERSION = YES;
				CLANG_WARN_NON_LITERAL_NULL_CONVERSION = YES;
				CLANG_WARN_OBJC_IMPLICIT_RETAIN_SELF = YES;
				CLANG_WARN_OBJC_LITERAL_CONVERSION = YES;
				CLANG_WARN_OBJC_ROOT_CLASS = YES_ERROR;
				CLANG_WARN_RANGE_LOOP_ANALYSIS = YES;
				CLANG_WARN_STRICT_PROTOTYPES = YES;
				CLANG_WARN_SUSPICIOUS_MOVE = YES;
				CLANG_WARN_UNGUARDED_AVAILABILITY = YES_AGGRESSIVE;
				CLANG_WARN_UNREACHABLE_CODE = YES;
				CLANG_WARN__DUPLICATE_METHOD_MATCH = YES;
				COPY_PHASE_STRIP = NO;
				DEBUG_INFORMATION_FORMAT = "dwarf-with-dsym";
				ENABLE_NS_ASSERTIONS = NO;
				ENABLE_STRICT_OBJC_MSGSEND = YES;
				GCC_C_LANGUAGE_STANDARD = gnu11;
				GCC_NO_COMMON_BLOCKS = YES;
				GCC_WARN_64_TO_32_BIT_CONVERSION = YES;
				GCC_WARN_ABOUT_RETURN_TYPE = YES_ERROR;
				GCC_WARN_UNDECLARED_SELECTOR = YES;
				GCC_WARN_UNINITIALIZED_AUTOS = YES_AGGRESSIVE;
				GCC_WARN_UNUSED_FUNCTION = YES;
				GCC_WARN_UNUSED_VARIABLE = YES;
				MACOSX_DEPLOYMENT_TARGET = 10.15;
				MTL_ENABLE_DEBUG_INFO = NO;
				MTL_FAST_MATH = YES;
				SDKROOT = macosx;
				SWIFT_COMPILATION_MODE = wholemodule;
				SWIFT_OPTIMIZATION_LEVEL = "-O";
			};
			name = Release;
		};
		F366DC45239BE3E200D0D6DB /* Debug */ = {
			isa = XCBuildConfiguration;
			buildSettings = {
				ASSETCATALOG_COMPILER_APPICON_NAME = AppIcon;
				CODE_SIGN_ENTITLEMENTS = Mulder/Mulder.entitlements;
				CODE_SIGN_STYLE = Automatic;
				COMBINE_HIDPI_IMAGES = YES;
				DEVELOPMENT_ASSET_PATHS = "\"Mulder/Preview Content\"";
				DEVELOPMENT_TEAM = VM893UGJQ4;
				ENABLE_HARDENED_RUNTIME = YES;
				ENABLE_PREVIEWS = YES;
				INFOPLIST_FILE = Mulder/Info.plist;
				LD_RUNPATH_SEARCH_PATHS = (
					"$(inherited)",
					"@executable_path/../Frameworks",
				);
				MACOSX_DEPLOYMENT_TARGET = 10.15;
				PRODUCT_BUNDLE_IDENTIFIER = io.jworks.ios.Mulder;
				PRODUCT_NAME = "$(TARGET_NAME)";
				SWIFT_VERSION = 5.0;
			};
			name = Debug;
		};
		F366DC46239BE3E200D0D6DB /* Release */ = {
			isa = XCBuildConfiguration;
			buildSettings = {
				ASSETCATALOG_COMPILER_APPICON_NAME = AppIcon;
				CODE_SIGN_ENTITLEMENTS = Mulder/Mulder.entitlements;
				CODE_SIGN_STYLE = Automatic;
				COMBINE_HIDPI_IMAGES = YES;
				DEVELOPMENT_ASSET_PATHS = "\"Mulder/Preview Content\"";
				DEVELOPMENT_TEAM = VM893UGJQ4;
				ENABLE_HARDENED_RUNTIME = YES;
				ENABLE_PREVIEWS = YES;
				INFOPLIST_FILE = Mulder/Info.plist;
				LD_RUNPATH_SEARCH_PATHS = (
					"$(inherited)",
					"@executable_path/../Frameworks",
				);
				MACOSX_DEPLOYMENT_TARGET = 10.15;
				PRODUCT_BUNDLE_IDENTIFIER = io.jworks.ios.Mulder;
				PRODUCT_NAME = "$(TARGET_NAME)";
				SWIFT_VERSION = 5.0;
			};
			name = Release;
		};
		F366DC48239BE3E200D0D6DB /* Debug */ = {
			isa = XCBuildConfiguration;
			buildSettings = {
				ALWAYS_EMBED_SWIFT_STANDARD_LIBRARIES = YES;
				BUNDLE_LOADER = "$(TEST_HOST)";
				CODE_SIGN_STYLE = Automatic;
				COMBINE_HIDPI_IMAGES = YES;
				DEVELOPMENT_TEAM = VM893UGJQ4;
				INFOPLIST_FILE = MulderTests/Info.plist;
				LD_RUNPATH_SEARCH_PATHS = (
					"$(inherited)",
					"@executable_path/../Frameworks",
					"@loader_path/../Frameworks",
				);
				MACOSX_DEPLOYMENT_TARGET = 10.15;
				PRODUCT_BUNDLE_IDENTIFIER = io.jworks.ios.MulderTests;
				PRODUCT_NAME = "$(TARGET_NAME)";
				SWIFT_VERSION = 5.0;
				TEST_HOST = "$(BUILT_PRODUCTS_DIR)/Mulder.app/Contents/MacOS/Mulder";
			};
			name = Debug;
		};
		F366DC49239BE3E200D0D6DB /* Release */ = {
			isa = XCBuildConfiguration;
			buildSettings = {
				ALWAYS_EMBED_SWIFT_STANDARD_LIBRARIES = YES;
				BUNDLE_LOADER = "$(TEST_HOST)";
				CODE_SIGN_STYLE = Automatic;
				COMBINE_HIDPI_IMAGES = YES;
				DEVELOPMENT_TEAM = VM893UGJQ4;
				INFOPLIST_FILE = MulderTests/Info.plist;
				LD_RUNPATH_SEARCH_PATHS = (
					"$(inherited)",
					"@executable_path/../Frameworks",
					"@loader_path/../Frameworks",
				);
				MACOSX_DEPLOYMENT_TARGET = 10.15;
				PRODUCT_BUNDLE_IDENTIFIER = io.jworks.ios.MulderTests;
				PRODUCT_NAME = "$(TARGET_NAME)";
				SWIFT_VERSION = 5.0;
				TEST_HOST = "$(BUILT_PRODUCTS_DIR)/Mulder.app/Contents/MacOS/Mulder";
			};
			name = Release;
		};
		F366DC4B239BE3E200D0D6DB /* Debug */ = {
			isa = XCBuildConfiguration;
			buildSettings = {
				ALWAYS_EMBED_SWIFT_STANDARD_LIBRARIES = YES;
				CODE_SIGN_STYLE = Automatic;
				COMBINE_HIDPI_IMAGES = YES;
				DEVELOPMENT_TEAM = VM893UGJQ4;
				INFOPLIST_FILE = MulderUITests/Info.plist;
				LD_RUNPATH_SEARCH_PATHS = (
					"$(inherited)",
					"@executable_path/../Frameworks",
					"@loader_path/../Frameworks",
				);
				PRODUCT_BUNDLE_IDENTIFIER = io.jworks.ios.MulderUITests;
				PRODUCT_NAME = "$(TARGET_NAME)";
				SWIFT_VERSION = 5.0;
				TEST_TARGET_NAME = Mulder;
			};
			name = Debug;
		};
		F366DC4C239BE3E200D0D6DB /* Release */ = {
			isa = XCBuildConfiguration;
			buildSettings = {
				ALWAYS_EMBED_SWIFT_STANDARD_LIBRARIES = YES;
				CODE_SIGN_STYLE = Automatic;
				COMBINE_HIDPI_IMAGES = YES;
				DEVELOPMENT_TEAM = VM893UGJQ4;
				INFOPLIST_FILE = MulderUITests/Info.plist;
				LD_RUNPATH_SEARCH_PATHS = (
					"$(inherited)",
					"@executable_path/../Frameworks",
					"@loader_path/../Frameworks",
				);
				PRODUCT_BUNDLE_IDENTIFIER = io.jworks.ios.MulderUITests;
				PRODUCT_NAME = "$(TARGET_NAME)";
				SWIFT_VERSION = 5.0;
				TEST_TARGET_NAME = Mulder;
			};
			name = Release;
		};
/* End XCBuildConfiguration section */

/* Begin XCConfigurationList section */
		F366DC16239BE3DE00D0D6DB /* Build configuration list for PBXProject "Mulder" */ = {
			isa = XCConfigurationList;
			buildConfigurations = (
				F366DC42239BE3E200D0D6DB /* Debug */,
				F366DC43239BE3E200D0D6DB /* Release */,
			);
			defaultConfigurationIsVisible = 0;
			defaultConfigurationName = Release;
		};
		F366DC44239BE3E200D0D6DB /* Build configuration list for PBXNativeTarget "Mulder" */ = {
			isa = XCConfigurationList;
			buildConfigurations = (
				F366DC45239BE3E200D0D6DB /* Debug */,
				F366DC46239BE3E200D0D6DB /* Release */,
			);
			defaultConfigurationIsVisible = 0;
			defaultConfigurationName = Release;
		};
		F366DC47239BE3E200D0D6DB /* Build configuration list for PBXNativeTarget "MulderTests" */ = {
			isa = XCConfigurationList;
			buildConfigurations = (
				F366DC48239BE3E200D0D6DB /* Debug */,
				F366DC49239BE3E200D0D6DB /* Release */,
			);
			defaultConfigurationIsVisible = 0;
			defaultConfigurationName = Release;
		};
		F366DC4A239BE3E200D0D6DB /* Build configuration list for PBXNativeTarget "MulderUITests" */ = {
			isa = XCConfigurationList;
			buildConfigurations = (
				F366DC4B239BE3E200D0D6DB /* Debug */,
				F366DC4C239BE3E200D0D6DB /* Release */,
			);
			defaultConfigurationIsVisible = 0;
			defaultConfigurationName = Release;
		};
/* End XCConfigurationList section */
	};
	rootObject = F366DC13239BE3DE00D0D6DB /* Project object */;
}
